
Microsoft Visual Studio Solution File, Format Version 12.00
# Visual Studio 15
VisualStudioVersion = 15.0.26124.0
MinimumVisualStudioVersion = 15.0.26124.0
Project("{2150E333-8FDC-42A3-9474-1A3956D46DE8}") = "Services", "Services", "{D9C2676E-2B9F-478C-84F1-5FD45026F372}"
EndProject
Project("{9A19103F-16F7-4668-BE54-9A1E7A4F7556}") = "GatewayApi", "GatewayApi\GatewayApi.csproj", "{BAA2A25A-264B-4817-8814-E2E41099245A}"
EndProject
Project("{9A19103F-16F7-4668-BE54-9A1E7A4F7556}") = "Pricing", "Services\Pricing\Pricing.csproj", "{C07ECB8F-0DE3-4CA0-9000-82000255F492}"
EndProject
Project("{9A19103F-16F7-4668-BE54-9A1E7A4F7556}") = "WebApp", "WebApp\WebApp.csproj", "{33D56088-7AA5-4837-A886-9BA99AA81110}"
EndProject
Project("{9A19103F-16F7-4668-BE54-9A1E7A4F7556}") = "Inventory", "Services\Inventory\Inventory.csproj", "{5287BA15-68CF-4891-B570-9E29FDCF6DE0}"
EndProject
Project("{9A19103F-16F7-4668-BE54-9A1E7A4F7556}") = "Basket", "Services\Basket\Basket.csproj", "{D53FC768-3EE9-4C59-B360-D38CE53133DB}"
EndProject
Project("{9A19103F-16F7-4668-BE54-9A1E7A4F7556}") = "Basket.Unit.Tests", "Services\Basket.Unit.Tests\Basket.Unit.Tests.csproj", "{EDF4F9F4-1202-4852-9E60-9A4531E8F06D}"
EndProject
Project("{9A19103F-16F7-4668-BE54-9A1E7A4F7556}") = "Pricing.Unit.Tests", "Services\Pricing.Unit.Tests\Pricing.Unit.Tests.csproj", "{AA22BC0B-9566-44BB-9AA2-A68EA0BE7533}"
EndProject
Project("{2150E333-8FDC-42A3-9474-1A3956D46DE8}") = "Tests", "Tests", "{89657FBE-1E01-4328-BC99-2AD06EEBBBC6}"
EndProject
Global
	GlobalSection(SolutionConfigurationPlatforms) = preSolution
		Debug|Any CPU = Debug|Any CPU
		Release|Any CPU = Release|Any CPU
	EndGlobalSection
	GlobalSection(ProjectConfigurationPlatforms) = postSolution
		{BAA2A25A-264B-4817-8814-E2E41099245A}.Debug|Any CPU.ActiveCfg = Debug|Any CPU
		{BAA2A25A-264B-4817-8814-E2E41099245A}.Debug|Any CPU.Build.0 = Debug|Any CPU
		{BAA2A25A-264B-4817-8814-E2E41099245A}.Release|Any CPU.ActiveCfg = Release|Any CPU
		{BAA2A25A-264B-4817-8814-E2E41099245A}.Release|Any CPU.Build.0 = Release|Any CPU
		{C07ECB8F-0DE3-4CA0-9000-82000255F492}.Debug|Any CPU.ActiveCfg = Debug|Any CPU
		{C07ECB8F-0DE3-4CA0-9000-82000255F492}.Debug|Any CPU.Build.0 = Debug|Any CPU
		{C07ECB8F-0DE3-4CA0-9000-82000255F492}.Release|Any CPU.ActiveCfg = Release|Any CPU
		{C07ECB8F-0DE3-4CA0-9000-82000255F492}.Release|Any CPU.Build.0 = Release|Any CPU
		{33D56088-7AA5-4837-A886-9BA99AA81110}.Debug|Any CPU.ActiveCfg = Debug|Any CPU
		{33D56088-7AA5-4837-A886-9BA99AA81110}.Debug|Any CPU.Build.0 = Debug|Any CPU
		{33D56088-7AA5-4837-A886-9BA99AA81110}.Release|Any CPU.ActiveCfg = Release|Any CPU
		{33D56088-7AA5-4837-A886-9BA99AA81110}.Release|Any CPU.Build.0 = Release|Any CPU
		{5287BA15-68CF-4891-B570-9E29FDCF6DE0}.Debug|Any CPU.ActiveCfg = Debug|Any CPU
		{5287BA15-68CF-4891-B570-9E29FDCF6DE0}.Debug|Any CPU.Build.0 = Debug|Any CPU
		{5287BA15-68CF-4891-B570-9E29FDCF6DE0}.Release|Any CPU.ActiveCfg = Release|Any CPU
		{5287BA15-68CF-4891-B570-9E29FDCF6DE0}.Release|Any CPU.Build.0 = Release|Any CPU
		{D53FC768-3EE9-4C59-B360-D38CE53133DB}.Debug|Any CPU.ActiveCfg = Debug|Any CPU
		{D53FC768-3EE9-4C59-B360-D38CE53133DB}.Debug|Any CPU.Build.0 = Debug|Any CPU
		{D53FC768-3EE9-4C59-B360-D38CE53133DB}.Release|Any CPU.ActiveCfg = Release|Any CPU
		{D53FC768-3EE9-4C59-B360-D38CE53133DB}.Release|Any CPU.Build.0 = Release|Any CPU
		{EDF4F9F4-1202-4852-9E60-9A4531E8F06D}.Debug|Any CPU.ActiveCfg = Debug|Any CPU
		{EDF4F9F4-1202-4852-9E60-9A4531E8F06D}.Debug|Any CPU.Build.0 = Debug|Any CPU
		{EDF4F9F4-1202-4852-9E60-9A4531E8F06D}.Release|Any CPU.ActiveCfg = Release|Any CPU
		{EDF4F9F4-1202-4852-9E60-9A4531E8F06D}.Release|Any CPU.Build.0 = Release|Any CPU
		{AA22BC0B-9566-44BB-9AA2-A68EA0BE7533}.Debug|Any CPU.ActiveCfg = Debug|Any CPU
		{AA22BC0B-9566-44BB-9AA2-A68EA0BE7533}.Debug|Any CPU.Build.0 = Debug|Any CPU
		{AA22BC0B-9566-44BB-9AA2-A68EA0BE7533}.Release|Any CPU.ActiveCfg = Release|Any CPU
		{AA22BC0B-9566-44BB-9AA2-A68EA0BE7533}.Release|Any CPU.Build.0 = Release|Any CPU
	EndGlobalSection
	GlobalSection(SolutionProperties) = preSolution
		HideSolutionNode = FALSE
	EndGlobalSection
	GlobalSection(NestedProjects) = preSolution
		{C07ECB8F-0DE3-4CA0-9000-82000255F492} = {D9C2676E-2B9F-478C-84F1-5FD45026F372}
		{5287BA15-68CF-4891-B570-9E29FDCF6DE0} = {D9C2676E-2B9F-478C-84F1-5FD45026F372}
		{D53FC768-3EE9-4C59-B360-D38CE53133DB} = {D9C2676E-2B9F-478C-84F1-5FD45026F372}
		{EDF4F9F4-1202-4852-9E60-9A4531E8F06D} = {89657FBE-1E01-4328-BC99-2AD06EEBBBC6}
		{AA22BC0B-9566-44BB-9AA2-A68EA0BE7533} = {89657FBE-1E01-4328-BC99-2AD06EEBBBC6}
		{89657FBE-1E01-4328-BC99-2AD06EEBBBC6} = {D9C2676E-2B9F-478C-84F1-5FD45026F372}
	EndGlobalSection
	GlobalSection(ExtensibilityGlobals) = postSolution
		SolutionGuid = {8AC9A36C-4FA2-4C67-A815-0D57C5CBB609}
	EndGlobalSection
EndGlobal
